
Microsoft Visual Studio Solution File, Format Version 12.00
# Visual Studio for Mac
Project("{FAE04EC0-301F-11D3-BF4B-00C04F79EFBC}") = "GuitarPatterns", "GuitarPatterns.csproj", "{24BEF820-5557-45CC-CD75-A8D6C2100ED2}"
EndProject
Project("{FAE04EC0-301F-11D3-BF4B-00C04F79EFBC}") = "GuitarPatterns.Plugins", "GuitarPatterns.Plugins.csproj", "{389871E4-1569-A28F-E56B-EEA9D10BCBEA}"
EndProject
Project("{FAE04EC0-301F-11D3-BF4B-00C04F79EFBC}") = "GuitarPatterns.Editor.Plugins", "GuitarPatterns.Editor.Plugins.csproj", "{7A4F79E0-6B0C-371F-7B45-EBDC49CA293F}"
EndProject
Project("{FAE04EC0-301F-11D3-BF4B-00C04F79EFBC}") = "GuitarPatterns.Editor", "GuitarPatterns.Editor.csproj", "{24AEB077-0A4F-68F7-A031-FA9F7E040C86}"
EndProject
Global
	GlobalSection(SolutionConfigurationPlatforms) = preSolution
		Debug|Any CPU = Debug|Any CPU
		Release|Any CPU = Release|Any CPU
	EndGlobalSection
	GlobalSection(ProjectConfigurationPlatforms) = postSolution
		{24BEF820-5557-45CC-CD75-A8D6C2100ED2}.Debug|Any CPU.ActiveCfg = Debug|Any CPU
		{24BEF820-5557-45CC-CD75-A8D6C2100ED2}.Debug|Any CPU.Build.0 = Debug|Any CPU
		{24BEF820-5557-45CC-CD75-A8D6C2100ED2}.Release|Any CPU.ActiveCfg = Release|Any CPU
		{24BEF820-5557-45CC-CD75-A8D6C2100ED2}.Release|Any CPU.Build.0 = Release|Any CPU
		{389871E4-1569-A28F-E56B-EEA9D10BCBEA}.Debug|Any CPU.ActiveCfg = Debug|Any CPU
		{389871E4-1569-A28F-E56B-EEA9D10BCBEA}.Debug|Any CPU.Build.0 = Debug|Any CPU
		{389871E4-1569-A28F-E56B-EEA9D10BCBEA}.Release|Any CPU.ActiveCfg = Release|Any CPU
		{389871E4-1569-A28F-E56B-EEA9D10BCBEA}.Release|Any CPU.Build.0 = Release|Any CPU
		{7A4F79E0-6B0C-371F-7B45-EBDC49CA293F}.Debug|Any CPU.ActiveCfg = Debug|Any CPU
		{7A4F79E0-6B0C-371F-7B45-EBDC49CA293F}.Debug|Any CPU.Build.0 = Debug|Any CPU
		{7A4F79E0-6B0C-371F-7B45-EBDC49CA293F}.Release|Any CPU.ActiveCfg = Release|Any CPU
		{7A4F79E0-6B0C-371F-7B45-EBDC49CA293F}.Release|Any CPU.Build.0 = Release|Any CPU
		{24AEB077-0A4F-68F7-A031-FA9F7E040C86}.Debug|Any CPU.ActiveCfg = Debug|Any CPU
		{24AEB077-0A4F-68F7-A031-FA9F7E040C86}.Debug|Any CPU.Build.0 = Debug|Any CPU
		{24AEB077-0A4F-68F7-A031-FA9F7E040C86}.Release|Any CPU.ActiveCfg = Release|Any CPU
		{24AEB077-0A4F-68F7-A031-FA9F7E040C86}.Release|Any CPU.Build.0 = Release|Any CPU
	EndGlobalSection
	GlobalSection(SolutionProperties) = preSolution
		HideSolutionNode = FALSE
	EndGlobalSection
EndGlobal
